
Microsoft Visual Studio Solution File, Format Version 12.00
# Visual Studio 15
VisualStudioVersion = 15.0.28010.2041
MinimumVisualStudioVersion = 10.0.40219.1
Project("{FAE04EC0-301F-11D3-BF4B-00C04F79EFBC}") = "POO_udemy_exercicio_01_banco", "POO_udemy_exercicio_01_banco\POO_udemy_exercicio_01_banco.csproj", "{520CEA0D-1B79-4629-AF76-B3A03469E091}"
EndProject
Global
	GlobalSection(SolutionConfigurationPlatforms) = preSolution
		Debug|Any CPU = Debug|Any CPU
		Release|Any CPU = Release|Any CPU
	EndGlobalSection
	GlobalSection(ProjectConfigurationPlatforms) = postSolution
		{520CEA0D-1B79-4629-AF76-B3A03469E091}.Debug|Any CPU.ActiveCfg = Debug|Any CPU
		{520CEA0D-1B79-4629-AF76-B3A03469E091}.Debug|Any CPU.Build.0 = Debug|Any CPU
		{520CEA0D-1B79-4629-AF76-B3A03469E091}.Release|Any CPU.ActiveCfg = Release|Any CPU
		{520CEA0D-1B79-4629-AF76-B3A03469E091}.Release|Any CPU.Build.0 = Release|Any CPU
	EndGlobalSection
	GlobalSection(SolutionProperties) = preSolution
		HideSolutionNode = FALSE
	EndGlobalSection
	GlobalSection(ExtensibilityGlobals) = postSolution
		SolutionGuid = {6F710A60-8CC1-4DA8-9679-769D40388B7B}
	EndGlobalSection
EndGlobal
